github.com/Masterminds/semver/v3 v3.4.0 h1:Zog+i5UMtVoCU8oKka5P7i9q9HgrJeGzI9SA1Xbatp0=
github.com/Masterminds/semver/v3 v3.4.0/go.mod h1:4V+yj/TJE1HU9XfppCwVMZq3I84lprf4nC11bSS5beM=
github.com/asciimoth/inplace v0.1.0 h1:JuzPFFmOiT8ihEgCypUZcYLN8VGX7TppX6s7Yh39V5M=
github.com/asciimoth/inplace v0.1.0/go.mod h1:TpTif0vYY1wFbUQ/4CGUMdmR1LcpK9y7ybVKXTog92E=
github.com/asciimoth/rewrite v0.1.1 h1:p6RiuvFyAgwguDcW5ky5GrmB0iRmpVEfqw/escCzLcE=
github.com/asciimoth/rewrite v0.1.1/go.mod h1:DaUkJ5gXmbzSxbJ7ROe7Lq6NpU0ahykEiMKGqk6zXk4=
github.com/creachadair/tomledit v0.0.29 h1:dB5CbdwJMpn/fmfAPTAAleXF/KJwY0Ggc1eL/zvZRgk=
github.com/creachadair/tomledit v0.0.29/go.mod h1:4SoTXxzHgvzHRMIJPw+o6zK/yXii4VjLrb6/3gCQnyA=
github.com/goccy/go-yaml v1.18.0 h1:8W7wMFS12Pcas7KU+VVkaiCng+kG8QiFeFwzFb+rwuw=
github.com/goccy/go-yaml v1.18.0/go.mod h1:XBurs7gK8ATbW4ZPGKgcbrY1Br56PdM69F7LkFRi1kA=
github.com/google/go-cmp v0.7.0 h1:wk8382ETsv4JYUZwIsn6YpYiWiBsYLSJiTsyBybVuN8=
github.com/google/go-cmp v0.7.0/go.mod h1:pXiqmnSA92OHEEa9HXL2W4E7lf9JzCmGVUdgjX3N/iU=
github.com/pelletier/go-toml v1.9.5 h1:4yBQzkHv+7BHq2PQUZF3Mx0IYxG7LsP222s7Agd3ve8=
github.com/pelletier/go-toml v1.9.5/go.mod h1:u1nR/EPcESfeI/szUZKdtJ0xRNbUoANCkoOuaOx1Y+c=
github.com/pelletier/go-toml/v2 v2.2.4 h1:mye9XuhQ6gvn5h28+VilKrrPoQVanw5PMw/TB0t5Ec4=
github.com/pelletier/go-toml/v2 v2.2.4/go.mod h1:2gIqNv+qfxSVS7cM2xJQKtLSTLUE9V8t9Stt+h56mCY=
github.com/tailscale/hujson v0.0.0-20250605163823-992244df8c5a h1:a6TNDN9CgG+cYjaeN8l2mc4kSz2iMiCDQxPEyltUV/I=
github.com/tailscale/hujson v0.0.0-20250605163823-992244df8c5a/go.mod h1:EbW0wDK/qEUYI0A5bqq0C2kF8JTQwWONmGDBbzsxxHo=
